
Microsoft Visual Studio Solution File, Format Version 12.00
# Visual Studio 15
VisualStudioVersion = 15.0.28010.2041
MinimumVisualStudioVersion = 10.0.40219.1
Project("{9A19103F-16F7-4668-BE54-9A1E7A4F7556}") = "ApacheIgniteServer", "ApacheIgniteServer\ApacheIgniteServer\ApacheIgniteServer.csproj", "{E7386925-04F1-435E-A130-C1C92CC79334}"
EndProject
Project("{9A19103F-16F7-4668-BE54-9A1E7A4F7556}") = "ApacheIgniteClient", "ApacheIgniteClient\ApacheIgniteClient\ApacheIgniteClient.csproj", "{D5371E48-6AE6-4436-BBA6-43501D8B310D}"
EndProject
Global
	GlobalSection(SolutionConfigurationPlatforms) = preSolution
		Debug|Any CPU = Debug|Any CPU
		Release|Any CPU = Release|Any CPU
	EndGlobalSection
	GlobalSection(ProjectConfigurationPlatforms) = postSolution
		{E7386925-04F1-435E-A130-C1C92CC79334}.Debug|Any CPU.ActiveCfg = Debug|Any CPU
		{E7386925-04F1-435E-A130-C1C92CC79334}.Debug|Any CPU.Build.0 = Debug|Any CPU
		{E7386925-04F1-435E-A130-C1C92CC79334}.Release|Any CPU.ActiveCfg = Release|Any CPU
		{E7386925-04F1-435E-A130-C1C92CC79334}.Release|Any CPU.Build.0 = Release|Any CPU
		{D5371E48-6AE6-4436-BBA6-43501D8B310D}.Debug|Any CPU.ActiveCfg = Debug|Any CPU
		{D5371E48-6AE6-4436-BBA6-43501D8B310D}.Debug|Any CPU.Build.0 = Debug|Any CPU
		{D5371E48-6AE6-4436-BBA6-43501D8B310D}.Release|Any CPU.ActiveCfg = Release|Any CPU
		{D5371E48-6AE6-4436-BBA6-43501D8B310D}.Release|Any CPU.Build.0 = Release|Any CPU
	EndGlobalSection
	GlobalSection(SolutionProperties) = preSolution
		HideSolutionNode = FALSE
	EndGlobalSection
	GlobalSection(ExtensibilityGlobals) = postSolution
		SolutionGuid = {41E975F0-5BCF-44DB-BDEF-892E2B8317EB}
	EndGlobalSection
EndGlobal
